
Microsoft Visual Studio Solution File, Format Version 12.00
# Visual Studio 15
VisualStudioVersion = 15.0.28010.2036
MinimumVisualStudioVersion = 10.0.40219.1
Project("{FAE04EC0-301F-11D3-BF4B-00C04F79EFBC}") = "395project", "395project\395project.csproj", "{6090AB6E-052A-434E-88E9-53C05D95B48B}"
EndProject
Global
	GlobalSection(SolutionConfigurationPlatforms) = preSolution
		Debug|Any CPU = Debug|Any CPU
		Release|Any CPU = Release|Any CPU
	EndGlobalSection
	GlobalSection(ProjectConfigurationPlatforms) = postSolution
		{6090AB6E-052A-434E-88E9-53C05D95B48B}.Debug|Any CPU.ActiveCfg = Debug|Any CPU
		{6090AB6E-052A-434E-88E9-53C05D95B48B}.Debug|Any CPU.Build.0 = Debug|Any CPU
		{6090AB6E-052A-434E-88E9-53C05D95B48B}.Release|Any CPU.ActiveCfg = Release|Any CPU
		{6090AB6E-052A-434E-88E9-53C05D95B48B}.Release|Any CPU.Build.0 = Release|Any CPU
	EndGlobalSection
	GlobalSection(SolutionProperties) = preSolution
		HideSolutionNode = FALSE
	EndGlobalSection
	GlobalSection(ExtensibilityGlobals) = postSolution
		SolutionGuid = {7A9A49EA-CDD4-4966-BE4E-0EE880566B8B}
	EndGlobalSection
EndGlobal
