
Microsoft Visual Studio Solution File, Format Version 12.00
# Visual Studio 15
VisualStudioVersion = 15.0.28010.2041
MinimumVisualStudioVersion = 10.0.40219.1
Project("{00D1A9C2-B5F0-4AF3-8072-F6C62B433612}") = "cmpt395db", "cmpt395db\cmpt395db.sqlproj", "{79DF90D6-023A-4E09-8612-8A2EA1AB6F23}"
EndProject
Global
	GlobalSection(SolutionConfigurationPlatforms) = preSolution
		Debug|Any CPU = Debug|Any CPU
		Release|Any CPU = Release|Any CPU
	EndGlobalSection
	GlobalSection(ProjectConfigurationPlatforms) = postSolution
		{79DF90D6-023A-4E09-8612-8A2EA1AB6F23}.Debug|Any CPU.ActiveCfg = Debug|Any CPU
		{79DF90D6-023A-4E09-8612-8A2EA1AB6F23}.Debug|Any CPU.Build.0 = Debug|Any CPU
		{79DF90D6-023A-4E09-8612-8A2EA1AB6F23}.Debug|Any CPU.Deploy.0 = Debug|Any CPU
		{79DF90D6-023A-4E09-8612-8A2EA1AB6F23}.Release|Any CPU.ActiveCfg = Release|Any CPU
		{79DF90D6-023A-4E09-8612-8A2EA1AB6F23}.Release|Any CPU.Build.0 = Release|Any CPU
		{79DF90D6-023A-4E09-8612-8A2EA1AB6F23}.Release|Any CPU.Deploy.0 = Release|Any CPU
	EndGlobalSection
	GlobalSection(SolutionProperties) = preSolution
		HideSolutionNode = FALSE
	EndGlobalSection
	GlobalSection(ExtensibilityGlobals) = postSolution
		SolutionGuid = {45B310CA-8B7E-4071-9B6B-3B0D18FFE6B7}
	EndGlobalSection
EndGlobal
