
Microsoft Visual Studio Solution File, Format Version 12.00
# Visual Studio 15
VisualStudioVersion = 15.0.28010.2048
MinimumVisualStudioVersion = 10.0.40219.1
Project("{9A19103F-16F7-4668-BE54-9A1E7A4F7556}") = "CMPT395Project", "CMPT395Project\CMPT395Project.csproj", "{696F2687-1223-434C-B833-9385CD88E527}"
EndProject
Project("{FAE04EC0-301F-11D3-BF4B-00C04F79EFBC}") = "CMPT395ProjectTests", "CMPT395ProjectTests\CMPT395ProjectTests.csproj", "{C18E244E-55C2-4BC5-9B7B-171251E03168}"
EndProject
Global
	GlobalSection(SolutionConfigurationPlatforms) = preSolution
		Debug|Any CPU = Debug|Any CPU
		Release|Any CPU = Release|Any CPU
	EndGlobalSection
	GlobalSection(ProjectConfigurationPlatforms) = postSolution
		{696F2687-1223-434C-B833-9385CD88E527}.Debug|Any CPU.ActiveCfg = Debug|Any CPU
		{696F2687-1223-434C-B833-9385CD88E527}.Debug|Any CPU.Build.0 = Debug|Any CPU
		{696F2687-1223-434C-B833-9385CD88E527}.Release|Any CPU.ActiveCfg = Release|Any CPU
		{696F2687-1223-434C-B833-9385CD88E527}.Release|Any CPU.Build.0 = Release|Any CPU
		{C18E244E-55C2-4BC5-9B7B-171251E03168}.Debug|Any CPU.ActiveCfg = Debug|Any CPU
		{C18E244E-55C2-4BC5-9B7B-171251E03168}.Debug|Any CPU.Build.0 = Debug|Any CPU
		{C18E244E-55C2-4BC5-9B7B-171251E03168}.Release|Any CPU.ActiveCfg = Release|Any CPU
		{C18E244E-55C2-4BC5-9B7B-171251E03168}.Release|Any CPU.Build.0 = Release|Any CPU
	EndGlobalSection
	GlobalSection(SolutionProperties) = preSolution
		HideSolutionNode = FALSE
	EndGlobalSection
	GlobalSection(ExtensibilityGlobals) = postSolution
		SolutionGuid = {1DF5F93A-E6F9-4927-AF6B-10F65B629B09}
	EndGlobalSection
EndGlobal
